
Microsoft Visual Studio Solution File, Format Version 12.00
# Visual Studio Version 17
VisualStudioVersion = 17.0.32112.339
MinimumVisualStudioVersion = 10.0.40219.1
Project("{FAE04EC0-301F-11D3-BF4B-00C04F79EFBC}") = "grocy-desktop", "grocy-desktop\grocy-desktop.csproj", "{CAE1D198-F2ED-4244-B273-ACED995397E0}"
EndProject
Project("{930C7802-8A8C-48F9-8165-68863BCCD9DD}") = "grocy-desktop-setup", "grocy-desktop-setup\grocy-desktop-setup.wixproj", "{2D7F5878-407E-4CAE-A738-B50D7C3EF090}"
	ProjectSection(ProjectDependencies) = postProject
		{CAE1D198-F2ED-4244-B273-ACED995397E0} = {CAE1D198-F2ED-4244-B273-ACED995397E0}
	EndProjectSection
EndProject
Global
	GlobalSection(SolutionConfigurationPlatforms) = preSolution
		Debug|x64 = Debug|x64
		Release|x64 = Release|x64
	EndGlobalSection
	GlobalSection(ProjectConfigurationPlatforms) = postSolution
		{CAE1D198-F2ED-4244-B273-ACED995397E0}.Debug|x64.ActiveCfg = Debug|Any CPU
		{CAE1D198-F2ED-4244-B273-ACED995397E0}.Debug|x64.Build.0 = Debug|Any CPU
		{CAE1D198-F2ED-4244-B273-ACED995397E0}.Release|x64.ActiveCfg = Release|Any CPU
		{CAE1D198-F2ED-4244-B273-ACED995397E0}.Release|x64.Build.0 = Release|Any CPU
		{2D7F5878-407E-4CAE-A738-B50D7C3EF090}.Debug|x64.ActiveCfg = Debug|x64
		{2D7F5878-407E-4CAE-A738-B50D7C3EF090}.Debug|x64.Build.0 = Debug|x64
		{2D7F5878-407E-4CAE-A738-B50D7C3EF090}.Release|x64.ActiveCfg = Release|x64
		{2D7F5878-407E-4CAE-A738-B50D7C3EF090}.Release|x64.Build.0 = Release|x64
	EndGlobalSection
	GlobalSection(SolutionProperties) = preSolution
		HideSolutionNode = FALSE
	EndGlobalSection
	GlobalSection(ExtensibilityGlobals) = postSolution
		SolutionGuid = {6F66BE8C-CE04-4311-93C5-6410F8A02B1A}
	EndGlobalSection
EndGlobal
