
Microsoft Visual Studio Solution File, Format Version 12.00
# Visual Studio 15
VisualStudioVersion = 15.0.27703.2042
MinimumVisualStudioVersion = 10.0.40219.1
Project("{FAE04EC0-301F-11D3-BF4B-00C04F79EFBC}") = "grocy-desktop", "grocy-desktop\grocy-desktop.csproj", "{CAE1D198-F2ED-4244-B273-ACED995397E0}"
EndProject
Project("{930C7802-8A8C-48F9-8165-68863BCCD9DD}") = "grocy-desktop-setup", "grocy-desktop-setup\grocy-desktop-setup.wixproj", "{2D7F5878-407E-4CAE-A738-B50D7C3EF090}"
	ProjectSection(ProjectDependencies) = postProject
		{CAE1D198-F2ED-4244-B273-ACED995397E0} = {CAE1D198-F2ED-4244-B273-ACED995397E0}
	EndProjectSection
EndProject
Global
	GlobalSection(SolutionConfigurationPlatforms) = preSolution
		Debug|Any CPU = Debug|Any CPU
		Debug|x86 = Debug|x86
		Release|Any CPU = Release|Any CPU
		Release|x86 = Release|x86
	EndGlobalSection
	GlobalSection(ProjectConfigurationPlatforms) = postSolution
		{CAE1D198-F2ED-4244-B273-ACED995397E0}.Debug|Any CPU.ActiveCfg = Debug|Any CPU
		{CAE1D198-F2ED-4244-B273-ACED995397E0}.Debug|Any CPU.Build.0 = Debug|Any CPU
		{CAE1D198-F2ED-4244-B273-ACED995397E0}.Debug|x86.ActiveCfg = Debug|Any CPU
		{CAE1D198-F2ED-4244-B273-ACED995397E0}.Debug|x86.Build.0 = Debug|Any CPU
		{CAE1D198-F2ED-4244-B273-ACED995397E0}.Release|Any CPU.ActiveCfg = Release|Any CPU
		{CAE1D198-F2ED-4244-B273-ACED995397E0}.Release|Any CPU.Build.0 = Release|Any CPU
		{CAE1D198-F2ED-4244-B273-ACED995397E0}.Release|x86.ActiveCfg = Release|Any CPU
		{CAE1D198-F2ED-4244-B273-ACED995397E0}.Release|x86.Build.0 = Release|Any CPU
		{2D7F5878-407E-4CAE-A738-B50D7C3EF090}.Debug|Any CPU.ActiveCfg = Debug|x86
		{2D7F5878-407E-4CAE-A738-B50D7C3EF090}.Debug|Any CPU.Build.0 = Debug|x86
		{2D7F5878-407E-4CAE-A738-B50D7C3EF090}.Debug|x86.ActiveCfg = Debug|x86
		{2D7F5878-407E-4CAE-A738-B50D7C3EF090}.Debug|x86.Build.0 = Debug|x86
		{2D7F5878-407E-4CAE-A738-B50D7C3EF090}.Release|Any CPU.ActiveCfg = Release|x86
		{2D7F5878-407E-4CAE-A738-B50D7C3EF090}.Release|Any CPU.Build.0 = Release|x86
		{2D7F5878-407E-4CAE-A738-B50D7C3EF090}.Release|x86.ActiveCfg = Release|x86
		{2D7F5878-407E-4CAE-A738-B50D7C3EF090}.Release|x86.Build.0 = Release|x86
	EndGlobalSection
	GlobalSection(SolutionProperties) = preSolution
		HideSolutionNode = FALSE
	EndGlobalSection
	GlobalSection(ExtensibilityGlobals) = postSolution
		SolutionGuid = {6F66BE8C-CE04-4311-93C5-6410F8A02B1A}
	EndGlobalSection
EndGlobal
